
Microsoft Visual Studio Solution File, Format Version 12.00
# Visual Studio Version 17
VisualStudioVersion = 17.6.33829.357
MinimumVisualStudioVersion = 10.0.40219.1
Project("{FAE04EC0-301F-11D3-BF4B-00C04F79EFBC}") = "UploadFilesOnAWS3Bucket", "UploadFilesOnAWS3Bucket\UploadFilesOnAWS3Bucket.csproj", "{3CC66A5C-5110-4755-B49F-63805CD149F8}"
EndProject
Project("{FAE04EC0-301F-11D3-BF4B-00C04F79EFBC}") = "S3.Repository", "S3.Repository\S3.Repository.csproj", "{4170AF23-D534-4061-AC03-EFD9141FFAED}"
EndProject
Global
	GlobalSection(SolutionConfigurationPlatforms) = preSolution
		Debug|Any CPU = Debug|Any CPU
		Release|Any CPU = Release|Any CPU
	EndGlobalSection
	GlobalSection(ProjectConfigurationPlatforms) = postSolution
		{3CC66A5C-5110-4755-B49F-63805CD149F8}.Debug|Any CPU.ActiveCfg = Debug|Any CPU
		{3CC66A5C-5110-4755-B49F-63805CD149F8}.Debug|Any CPU.Build.0 = Debug|Any CPU
		{3CC66A5C-5110-4755-B49F-63805CD149F8}.Release|Any CPU.ActiveCfg = Release|Any CPU
		{3CC66A5C-5110-4755-B49F-63805CD149F8}.Release|Any CPU.Build.0 = Release|Any CPU
		{4170AF23-D534-4061-AC03-EFD9141FFAED}.Debug|Any CPU.ActiveCfg = Debug|Any CPU
		{4170AF23-D534-4061-AC03-EFD9141FFAED}.Debug|Any CPU.Build.0 = Debug|Any CPU
		{4170AF23-D534-4061-AC03-EFD9141FFAED}.Release|Any CPU.ActiveCfg = Release|Any CPU
		{4170AF23-D534-4061-AC03-EFD9141FFAED}.Release|Any CPU.Build.0 = Release|Any CPU
	EndGlobalSection
	GlobalSection(SolutionProperties) = preSolution
		HideSolutionNode = FALSE
	EndGlobalSection
	GlobalSection(ExtensibilityGlobals) = postSolution
		SolutionGuid = {B73E8558-2186-475C-B794-91AECDB6C101}
	EndGlobalSection
EndGlobal
